
Microsoft Visual Studio Solution File, Format Version 12.00
# Visual Studio Version 16
VisualStudioVersion = 16.0.30711.63
MinimumVisualStudioVersion = 10.0.40219.1
Project("{FAE04EC0-301F-11D3-BF4B-00C04F79EFBC}") = "当たり判定", "当たり判定\当たり判定.csproj", "{97D5C92F-4D46-429B-B710-2B9A4A1AFF93}"
EndProject
Global
	GlobalSection(SolutionConfigurationPlatforms) = preSolution
		Debug|Any CPU = Debug|Any CPU
		Release|Any CPU = Release|Any CPU
	EndGlobalSection
	GlobalSection(ProjectConfigurationPlatforms) = postSolution
		{97D5C92F-4D46-429B-B710-2B9A4A1AFF93}.Debug|Any CPU.ActiveCfg = Debug|Any CPU
		{97D5C92F-4D46-429B-B710-2B9A4A1AFF93}.Debug|Any CPU.Build.0 = Debug|Any CPU
		{97D5C92F-4D46-429B-B710-2B9A4A1AFF93}.Release|Any CPU.ActiveCfg = Release|Any CPU
		{97D5C92F-4D46-429B-B710-2B9A4A1AFF93}.Release|Any CPU.Build.0 = Release|Any CPU
	EndGlobalSection
	GlobalSection(SolutionProperties) = preSolution
		HideSolutionNode = FALSE
	EndGlobalSection
	GlobalSection(ExtensibilityGlobals) = postSolution
		SolutionGuid = {333201FB-BCC8-4CA1-82AE-DE7A3194D36B}
	EndGlobalSection
EndGlobal
